
Microsoft Visual Studio Solution File, Format Version 12.00
# Visual Studio 14
VisualStudioVersion = 14.0.25402.0
MinimumVisualStudioVersion = 10.0.40219.1
Project("{FAE04EC0-301F-11D3-BF4B-00C04F79EFBC}") = "DatabaseApp.Droid", "DatabaseApp\DatabaseApp.Droid\DatabaseApp.Droid.csproj", "{562B91F6-CD92-4F4C-B1AB-9410C6ED9A55}"
EndProject
Project("{FAE04EC0-301F-11D3-BF4B-00C04F79EFBC}") = "DatabaseApp.WinPhone", "DatabaseApp\DatabaseApp.WinPhone\DatabaseApp.WinPhone.csproj", "{CC6F9B78-8401-41EA-BB84-1F68AE29629F}"
EndProject
Project("{FAE04EC0-301F-11D3-BF4B-00C04F79EFBC}") = "DatabaseApp.UWP", "DatabaseApp\DatabaseApp.UWP\DatabaseApp.UWP.csproj", "{DC064CC5-962E-457D-95BF-13B8104BA8DB}"
EndProject
Project("{FAE04EC0-301F-11D3-BF4B-00C04F79EFBC}") = "DatabaseApp.Windows", "DatabaseApp\DatabaseApp.Windows\DatabaseApp.Windows.csproj", "{17BA9F64-3567-412D-84C9-4900A65F4E79}"
EndProject
Project("{FAE04EC0-301F-11D3-BF4B-00C04F79EFBC}") = "DatabaseApp", "DatabaseApp\DatabaseApp\DatabaseApp.csproj", "{2013A798-2CA1-410C-973D-C881A21F60BB}"
EndProject
Global
	GlobalSection(SolutionConfigurationPlatforms) = preSolution
		Ad-Hoc|Any CPU = Ad-Hoc|Any CPU
		Ad-Hoc|ARM = Ad-Hoc|ARM
		Ad-Hoc|iPhone = Ad-Hoc|iPhone
		Ad-Hoc|iPhoneSimulator = Ad-Hoc|iPhoneSimulator
		Ad-Hoc|x64 = Ad-Hoc|x64
		Ad-Hoc|x86 = Ad-Hoc|x86
		AppStore|Any CPU = AppStore|Any CPU
		AppStore|ARM = AppStore|ARM
		AppStore|iPhone = AppStore|iPhone
		AppStore|iPhoneSimulator = AppStore|iPhoneSimulator
		AppStore|x64 = AppStore|x64
		AppStore|x86 = AppStore|x86
		Debug|Any CPU = Debug|Any CPU
		Debug|ARM = Debug|ARM
		Debug|iPhone = Debug|iPhone
		Debug|iPhoneSimulator = Debug|iPhoneSimulator
		Debug|x64 = Debug|x64
		Debug|x86 = Debug|x86
		Release|Any CPU = Release|Any CPU
		Release|ARM = Release|ARM
		Release|iPhone = Release|iPhone
		Release|iPhoneSimulator = Release|iPhoneSimulator
		Release|x64 = Release|x64
		Release|x86 = Release|x86
	EndGlobalSection
	GlobalSection(ProjectConfigurationPlatforms) = postSolution
		{562B91F6-CD92-4F4C-B1AB-9410C6ED9A55}.Ad-Hoc|Any CPU.ActiveCfg = Release|Any CPU
		{562B91F6-CD92-4F4C-B1AB-9410C6ED9A55}.Ad-Hoc|Any CPU.Build.0 = Release|Any CPU
		{562B91F6-CD92-4F4C-B1AB-9410C6ED9A55}.Ad-Hoc|Any CPU.Deploy.0 = Release|Any CPU
		{562B91F6-CD92-4F4C-B1AB-9410C6ED9A55}.Ad-Hoc|ARM.ActiveCfg = Release|Any CPU
		{562B91F6-CD92-4F4C-B1AB-9410C6ED9A55}.Ad-Hoc|ARM.Build.0 = Release|Any CPU
		{562B91F6-CD92-4F4C-B1AB-9410C6ED9A55}.Ad-Hoc|ARM.Deploy.0 = Release|Any CPU
		{562B91F6-CD92-4F4C-B1AB-9410C6ED9A55}.Ad-Hoc|iPhone.ActiveCfg = Release|Any CPU
		{562B91F6-CD92-4F4C-B1AB-9410C6ED9A55}.Ad-Hoc|iPhone.Build.0 = Release|Any CPU
		{562B91F6-CD92-4F4C-B1AB-9410C6ED9A55}.Ad-Hoc|iPhone.Deploy.0 = Release|Any CPU
		{562B91F6-CD92-4F4C-B1AB-9410C6ED9A55}.Ad-Hoc|iPhoneSimulator.ActiveCfg = Release|Any CPU
		{562B91F6-CD92-4F4C-B1AB-9410C6ED9A55}.Ad-Hoc|iPhoneSimulator.Build.0 = Release|Any CPU
		{562B91F6-CD92-4F4C-B1AB-9410C6ED9A55}.Ad-Hoc|iPhoneSimulator.Deploy.0 = Release|Any CPU
		{562B91F6-CD92-4F4C-B1AB-9410C6ED9A55}.Ad-Hoc|x64.ActiveCfg = Release|Any CPU
		{562B91F6-CD92-4F4C-B1AB-9410C6ED9A55}.Ad-Hoc|x64.Build.0 = Release|Any CPU
		{562B91F6-CD92-4F4C-B1AB-9410C6ED9A55}.Ad-Hoc|x64.Deploy.0 = Release|Any CPU
		{562B91F6-CD92-4F4C-B1AB-9410C6ED9A55}.Ad-Hoc|x86.ActiveCfg = Release|Any CPU
		{562B91F6-CD92-4F4C-B1AB-9410C6ED9A55}.Ad-Hoc|x86.Build.0 = Release|Any CPU
		{562B91F6-CD92-4F4C-B1AB-9410C6ED9A55}.Ad-Hoc|x86.Deploy.0 = Release|Any CPU
		{562B91F6-CD92-4F4C-B1AB-9410C6ED9A55}.AppStore|Any CPU.ActiveCfg = Release|Any CPU
		{562B91F6-CD92-4F4C-B1AB-9410C6ED9A55}.AppStore|Any CPU.Build.0 = Release|Any CPU
		{562B91F6-CD92-4F4C-B1AB-9410C6ED9A55}.AppStore|Any CPU.Deploy.0 = Release|Any CPU
		{562B91F6-CD92-4F4C-B1AB-9410C6ED9A55}.AppStore|ARM.ActiveCfg = Release|Any CPU
		{562B91F6-CD92-4F4C-B1AB-9410C6ED9A55}.AppStore|ARM.Build.0 = Release|Any CPU
		{562B91F6-CD92-4F4C-B1AB-9410C6ED9A55}.AppStore|ARM.Deploy.0 = Release|Any CPU
		{562B91F6-CD92-4F4C-B1AB-9410C6ED9A55}.AppStore|iPhone.ActiveCfg = Release|Any CPU
		{562B91F6-CD92-4F4C-B1AB-9410C6ED9A55}.AppStore|iPhone.Build.0 = Release|Any CPU
		{562B91F6-CD92-4F4C-B1AB-9410C6ED9A55}.AppStore|iPhone.Deploy.0 = Release|Any CPU
		{562B91F6-CD92-4F4C-B1AB-9410C6ED9A55}.AppStore|iPhoneSimulator.ActiveCfg = Release|Any CPU
		{562B91F6-CD92-4F4C-B1AB-9410C6ED9A55}.AppStore|iPhoneSimulator.Build.0 = Release|Any CPU
		{562B91F6-CD92-4F4C-B1AB-9410C6ED9A55}.AppStore|iPhoneSimulator.Deploy.0 = Release|Any CPU
		{562B91F6-CD92-4F4C-B1AB-9410C6ED9A55}.AppStore|x64.ActiveCfg = Release|Any CPU
		{562B91F6-CD92-4F4C-B1AB-9410C6ED9A55}.AppStore|x64.Build.0 = Release|Any CPU
		{562B91F6-CD92-4F4C-B1AB-9410C6ED9A55}.AppStore|x64.Deploy.0 = Release|Any CPU
		{562B91F6-CD92-4F4C-B1AB-9410C6ED9A55}.AppStore|x86.ActiveCfg = Release|Any CPU
		{562B91F6-CD92-4F4C-B1AB-9410C6ED9A55}.AppStore|x86.Build.0 = Release|Any CPU
		{562B91F6-CD92-4F4C-B1AB-9410C6ED9A55}.AppStore|x86.Deploy.0 = Release|Any CPU
		{562B91F6-CD92-4F4C-B1AB-9410C6ED9A55}.Debug|Any CPU.ActiveCfg = Debug|Any CPU
		{562B91F6-CD92-4F4C-B1AB-9410C6ED9A55}.Debug|Any CPU.Build.0 = Debug|Any CPU
		{562B91F6-CD92-4F4C-B1AB-9410C6ED9A55}.Debug|Any CPU.Deploy.0 = Debug|Any CPU
		{562B91F6-CD92-4F4C-B1AB-9410C6ED9A55}.Debug|ARM.ActiveCfg = Debug|Any CPU
		{562B91F6-CD92-4F4C-B1AB-9410C6ED9A55}.Debug|ARM.Build.0 = Debug|Any CPU
		{562B91F6-CD92-4F4C-B1AB-9410C6ED9A55}.Debug|ARM.Deploy.0 = Debug|Any CPU
		{562B91F6-CD92-4F4C-B1AB-9410C6ED9A55}.Debug|iPhone.ActiveCfg = Debug|Any CPU
		{562B91F6-CD92-4F4C-B1AB-9410C6ED9A55}.Debug|iPhone.Build.0 = Debug|Any CPU
		{562B91F6-CD92-4F4C-B1AB-9410C6ED9A55}.Debug|iPhone.Deploy.0 = Debug|Any CPU
		{562B91F6-CD92-4F4C-B1AB-9410C6ED9A55}.Debug|iPhoneSimulator.ActiveCfg = Debug|Any CPU
		{562B91F6-CD92-4F4C-B1AB-9410C6ED9A55}.Debug|iPhoneSimulator.Build.0 = Debug|Any CPU
		{562B91F6-CD92-4F4C-B1AB-9410C6ED9A55}.Debug|iPhoneSimulator.Deploy.0 = Debug|Any CPU
		{562B91F6-CD92-4F4C-B1AB-9410C6ED9A55}.Debug|x64.ActiveCfg = Debug|Any CPU
		{562B91F6-CD92-4F4C-B1AB-9410C6ED9A55}.Debug|x64.Build.0 = Debug|Any CPU
		{562B91F6-CD92-4F4C-B1AB-9410C6ED9A55}.Debug|x64.Deploy.0 = Debug|Any CPU
		{562B91F6-CD92-4F4C-B1AB-9410C6ED9A55}.Debug|x86.ActiveCfg = Debug|Any CPU
		{562B91F6-CD92-4F4C-B1AB-9410C6ED9A55}.Debug|x86.Build.0 = Debug|Any CPU
		{562B91F6-CD92-4F4C-B1AB-9410C6ED9A55}.Debug|x86.Deploy.0 = Debug|Any CPU
		{562B91F6-CD92-4F4C-B1AB-9410C6ED9A55}.Release|Any CPU.ActiveCfg = Release|Any CPU
		{562B91F6-CD92-4F4C-B1AB-9410C6ED9A55}.Release|Any CPU.Build.0 = Release|Any CPU
		{562B91F6-CD92-4F4C-B1AB-9410C6ED9A55}.Release|Any CPU.Deploy.0 = Release|Any CPU
		{562B91F6-CD92-4F4C-B1AB-9410C6ED9A55}.Release|ARM.ActiveCfg = Release|Any CPU
		{562B91F6-CD92-4F4C-B1AB-9410C6ED9A55}.Release|ARM.Build.0 = Release|Any CPU
		{562B91F6-CD92-4F4C-B1AB-9410C6ED9A55}.Release|ARM.Deploy.0 = Release|Any CPU
		{562B91F6-CD92-4F4C-B1AB-9410C6ED9A55}.Release|iPhone.ActiveCfg = Release|Any CPU
		{562B91F6-CD92-4F4C-B1AB-9410C6ED9A55}.Release|iPhone.Build.0 = Release|Any CPU
		{562B91F6-CD92-4F4C-B1AB-9410C6ED9A55}.Release|iPhone.Deploy.0 = Release|Any CPU
		{562B91F6-CD92-4F4C-B1AB-9410C6ED9A55}.Release|iPhoneSimulator.ActiveCfg = Release|Any CPU
		{562B91F6-CD92-4F4C-B1AB-9410C6ED9A55}.Release|iPhoneSimulator.Build.0 = Release|Any CPU
		{562B91F6-CD92-4F4C-B1AB-9410C6ED9A55}.Release|iPhoneSimulator.Deploy.0 = Release|Any CPU
		{562B91F6-CD92-4F4C-B1AB-9410C6ED9A55}.Release|x64.ActiveCfg = Release|Any CPU
		{562B91F6-CD92-4F4C-B1AB-9410C6ED9A55}.Release|x64.Build.0 = Release|Any CPU
		{562B91F6-CD92-4F4C-B1AB-9410C6ED9A55}.Release|x64.Deploy.0 = Release|Any CPU
		{562B91F6-CD92-4F4C-B1AB-9410C6ED9A55}.Release|x86.ActiveCfg = Release|Any CPU
		{562B91F6-CD92-4F4C-B1AB-9410C6ED9A55}.Release|x86.Build.0 = Release|Any CPU
		{562B91F6-CD92-4F4C-B1AB-9410C6ED9A55}.Release|x86.Deploy.0 = Release|Any CPU
		{CC6F9B78-8401-41EA-BB84-1F68AE29629F}.Ad-Hoc|Any CPU.ActiveCfg = Release|Any CPU
		{CC6F9B78-8401-41EA-BB84-1F68AE29629F}.Ad-Hoc|Any CPU.Build.0 = Release|Any CPU
		{CC6F9B78-8401-41EA-BB84-1F68AE29629F}.Ad-Hoc|Any CPU.Deploy.0 = Release|Any CPU
		{CC6F9B78-8401-41EA-BB84-1F68AE29629F}.Ad-Hoc|ARM.ActiveCfg = Release|ARM
		{CC6F9B78-8401-41EA-BB84-1F68AE29629F}.Ad-Hoc|ARM.Build.0 = Release|ARM
		{CC6F9B78-8401-41EA-BB84-1F68AE29629F}.Ad-Hoc|ARM.Deploy.0 = Release|ARM
		{CC6F9B78-8401-41EA-BB84-1F68AE29629F}.Ad-Hoc|iPhone.ActiveCfg = Release|Any CPU
		{CC6F9B78-8401-41EA-BB84-1F68AE29629F}.Ad-Hoc|iPhone.Build.0 = Release|Any CPU
		{CC6F9B78-8401-41EA-BB84-1F68AE29629F}.Ad-Hoc|iPhone.Deploy.0 = Release|Any CPU
		{CC6F9B78-8401-41EA-BB84-1F68AE29629F}.Ad-Hoc|iPhoneSimulator.ActiveCfg = Release|Any CPU
		{CC6F9B78-8401-41EA-BB84-1F68AE29629F}.Ad-Hoc|iPhoneSimulator.Build.0 = Release|Any CPU
		{CC6F9B78-8401-41EA-BB84-1F68AE29629F}.Ad-Hoc|iPhoneSimulator.Deploy.0 = Release|Any CPU
		{CC6F9B78-8401-41EA-BB84-1F68AE29629F}.Ad-Hoc|x64.ActiveCfg = Release|Any CPU
		{CC6F9B78-8401-41EA-BB84-1F68AE29629F}.Ad-Hoc|x64.Build.0 = Release|Any CPU
		{CC6F9B78-8401-41EA-BB84-1F68AE29629F}.Ad-Hoc|x64.Deploy.0 = Release|Any CPU
		{CC6F9B78-8401-41EA-BB84-1F68AE29629F}.Ad-Hoc|x86.ActiveCfg = Release|x86
		{CC6F9B78-8401-41EA-BB84-1F68AE29629F}.Ad-Hoc|x86.Build.0 = Release|x86
		{CC6F9B78-8401-41EA-BB84-1F68AE29629F}.Ad-Hoc|x86.Deploy.0 = Release|x86
		{CC6F9B78-8401-41EA-BB84-1F68AE29629F}.AppStore|Any CPU.ActiveCfg = Release|Any CPU
		{CC6F9B78-8401-41EA-BB84-1F68AE29629F}.AppStore|Any CPU.Build.0 = Release|Any CPU
		{CC6F9B78-8401-41EA-BB84-1F68AE29629F}.AppStore|Any CPU.Deploy.0 = Release|Any CPU
		{CC6F9B78-8401-41EA-BB84-1F68AE29629F}.AppStore|ARM.ActiveCfg = Release|ARM
		{CC6F9B78-8401-41EA-BB84-1F68AE29629F}.AppStore|ARM.Build.0 = Release|ARM
		{CC6F9B78-8401-41EA-BB84-1F68AE29629F}.AppStore|ARM.Deploy.0 = Release|ARM
		{CC6F9B78-8401-41EA-BB84-1F68AE29629F}.AppStore|iPhone.ActiveCfg = Release|Any CPU
		{CC6F9B78-8401-41EA-BB84-1F68AE29629F}.AppStore|iPhone.Build.0 = Release|Any CPU
		{CC6F9B78-8401-41EA-BB84-1F68AE29629F}.AppStore|iPhone.Deploy.0 = Release|Any CPU
		{CC6F9B78-8401-41EA-BB84-1F68AE29629F}.AppStore|iPhoneSimulator.ActiveCfg = Release|Any CPU
		{CC6F9B78-8401-41EA-BB84-1F68AE29629F}.AppStore|iPhoneSimulator.Build.0 = Release|Any CPU
		{CC6F9B78-8401-41EA-BB84-1F68AE29629F}.AppStore|iPhoneSimulator.Deploy.0 = Release|Any CPU
		{CC6F9B78-8401-41EA-BB84-1F68AE29629F}.AppStore|x64.ActiveCfg = Release|Any CPU
		{CC6F9B78-8401-41EA-BB84-1F68AE29629F}.AppStore|x64.Build.0 = Release|Any CPU
		{CC6F9B78-8401-41EA-BB84-1F68AE29629F}.AppStore|x64.Deploy.0 = Release|Any CPU
		{CC6F9B78-8401-41EA-BB84-1F68AE29629F}.AppStore|x86.ActiveCfg = Release|x86
		{CC6F9B78-8401-41EA-BB84-1F68AE29629F}.AppStore|x86.Build.0 = Release|x86
		{CC6F9B78-8401-41EA-BB84-1F68AE29629F}.AppStore|x86.Deploy.0 = Release|x86
		{CC6F9B78-8401-41EA-BB84-1F68AE29629F}.Debug|Any CPU.ActiveCfg = Debug|Any CPU
		{CC6F9B78-8401-41EA-BB84-1F68AE29629F}.Debug|Any CPU.Build.0 = Debug|Any CPU
		{CC6F9B78-8401-41EA-BB84-1F68AE29629F}.Debug|Any CPU.Deploy.0 = Debug|Any CPU
		{CC6F9B78-8401-41EA-BB84-1F68AE29629F}.Debug|ARM.ActiveCfg = Debug|ARM
		{CC6F9B78-8401-41EA-BB84-1F68AE29629F}.Debug|ARM.Build.0 = Debug|ARM
		{CC6F9B78-8401-41EA-BB84-1F68AE29629F}.Debug|ARM.Deploy.0 = Debug|ARM
		{CC6F9B78-8401-41EA-BB84-1F68AE29629F}.Debug|iPhone.ActiveCfg = Debug|Any CPU
		{CC6F9B78-8401-41EA-BB84-1F68AE29629F}.Debug|iPhone.Build.0 = Debug|Any CPU
		{CC6F9B78-8401-41EA-BB84-1F68AE29629F}.Debug|iPhone.Deploy.0 = Debug|Any CPU
		{CC6F9B78-8401-41EA-BB84-1F68AE29629F}.Debug|iPhoneSimulator.ActiveCfg = Debug|Any CPU
		{CC6F9B78-8401-41EA-BB84-1F68AE29629F}.Debug|iPhoneSimulator.Build.0 = Debug|Any CPU
		{CC6F9B78-8401-41EA-BB84-1F68AE29629F}.Debug|iPhoneSimulator.Deploy.0 = Debug|Any CPU
		{CC6F9B78-8401-41EA-BB84-1F68AE29629F}.Debug|x64.ActiveCfg = Debug|Any CPU
		{CC6F9B78-8401-41EA-BB84-1F68AE29629F}.Debug|x64.Build.0 = Debug|Any CPU
		{CC6F9B78-8401-41EA-BB84-1F68AE29629F}.Debug|x64.Deploy.0 = Debug|Any CPU
		{CC6F9B78-8401-41EA-BB84-1F68AE29629F}.Debug|x86.ActiveCfg = Debug|x86
		{CC6F9B78-8401-41EA-BB84-1F68AE29629F}.Debug|x86.Build.0 = Debug|x86
		{CC6F9B78-8401-41EA-BB84-1F68AE29629F}.Debug|x86.Deploy.0 = Debug|x86
		{CC6F9B78-8401-41EA-BB84-1F68AE29629F}.Release|Any CPU.ActiveCfg = Release|Any CPU
		{CC6F9B78-8401-41EA-BB84-1F68AE29629F}.Release|Any CPU.Build.0 = Release|Any CPU
		{CC6F9B78-8401-41EA-BB84-1F68AE29629F}.Release|Any CPU.Deploy.0 = Release|Any CPU
		{CC6F9B78-8401-41EA-BB84-1F68AE29629F}.Release|ARM.ActiveCfg = Release|ARM
		{CC6F9B78-8401-41EA-BB84-1F68AE29629F}.Release|ARM.Build.0 = Release|ARM
		{CC6F9B78-8401-41EA-BB84-1F68AE29629F}.Release|ARM.Deploy.0 = Release|ARM
		{CC6F9B78-8401-41EA-BB84-1F68AE29629F}.Release|iPhone.ActiveCfg = Release|Any CPU
		{CC6F9B78-8401-41EA-BB84-1F68AE29629F}.Release|iPhone.Build.0 = Release|Any CPU
		{CC6F9B78-8401-41EA-BB84-1F68AE29629F}.Release|iPhone.Deploy.0 = Release|Any CPU
		{CC6F9B78-8401-41EA-BB84-1F68AE29629F}.Release|iPhoneSimulator.ActiveCfg = Release|Any CPU
		{CC6F9B78-8401-41EA-BB84-1F68AE29629F}.Release|iPhoneSimulator.Build.0 = Release|Any CPU
		{CC6F9B78-8401-41EA-BB84-1F68AE29629F}.Release|iPhoneSimulator.Deploy.0 = Release|Any CPU
		{CC6F9B78-8401-41EA-BB84-1F68AE29629F}.Release|x64.ActiveCfg = Release|Any CPU
		{CC6F9B78-8401-41EA-BB84-1F68AE29629F}.Release|x64.Build.0 = Release|Any CPU
		{CC6F9B78-8401-41EA-BB84-1F68AE29629F}.Release|x64.Deploy.0 = Release|Any CPU
		{CC6F9B78-8401-41EA-BB84-1F68AE29629F}.Release|x86.ActiveCfg = Release|x86
		{CC6F9B78-8401-41EA-BB84-1F68AE29629F}.Release|x86.Build.0 = Release|x86
		{CC6F9B78-8401-41EA-BB84-1F68AE29629F}.Release|x86.Deploy.0 = Release|x86
		{DC064CC5-962E-457D-95BF-13B8104BA8DB}.Ad-Hoc|Any CPU.ActiveCfg = Release|x86
		{DC064CC5-962E-457D-95BF-13B8104BA8DB}.Ad-Hoc|Any CPU.Build.0 = Release|x86
		{DC064CC5-962E-457D-95BF-13B8104BA8DB}.Ad-Hoc|Any CPU.Deploy.0 = Release|x86
		{DC064CC5-962E-457D-95BF-13B8104BA8DB}.Ad-Hoc|ARM.ActiveCfg = Release|ARM
		{DC064CC5-962E-457D-95BF-13B8104BA8DB}.Ad-Hoc|ARM.Build.0 = Release|ARM
		{DC064CC5-962E-457D-95BF-13B8104BA8DB}.Ad-Hoc|ARM.Deploy.0 = Release|ARM
		{DC064CC5-962E-457D-95BF-13B8104BA8DB}.Ad-Hoc|iPhone.ActiveCfg = Release|x86
		{DC064CC5-962E-457D-95BF-13B8104BA8DB}.Ad-Hoc|iPhone.Build.0 = Release|x86
		{DC064CC5-962E-457D-95BF-13B8104BA8DB}.Ad-Hoc|iPhone.Deploy.0 = Release|x86
		{DC064CC5-962E-457D-95BF-13B8104BA8DB}.Ad-Hoc|iPhoneSimulator.ActiveCfg = Release|x86
		{DC064CC5-962E-457D-95BF-13B8104BA8DB}.Ad-Hoc|iPhoneSimulator.Build.0 = Release|x86
		{DC064CC5-962E-457D-95BF-13B8104BA8DB}.Ad-Hoc|iPhoneSimulator.Deploy.0 = Release|x86
		{DC064CC5-962E-457D-95BF-13B8104BA8DB}.Ad-Hoc|x64.ActiveCfg = Release|x64
		{DC064CC5-962E-457D-95BF-13B8104BA8DB}.Ad-Hoc|x64.Build.0 = Release|x64
		{DC064CC5-962E-457D-95BF-13B8104BA8DB}.Ad-Hoc|x64.Deploy.0 = Release|x64
		{DC064CC5-962E-457D-95BF-13B8104BA8DB}.Ad-Hoc|x86.ActiveCfg = Release|x86
		{DC064CC5-962E-457D-95BF-13B8104BA8DB}.Ad-Hoc|x86.Build.0 = Release|x86
		{DC064CC5-962E-457D-95BF-13B8104BA8DB}.Ad-Hoc|x86.Deploy.0 = Release|x86
		{DC064CC5-962E-457D-95BF-13B8104BA8DB}.AppStore|Any CPU.ActiveCfg = Release|x86
		{DC064CC5-962E-457D-95BF-13B8104BA8DB}.AppStore|Any CPU.Build.0 = Release|x86
		{DC064CC5-962E-457D-95BF-13B8104BA8DB}.AppStore|Any CPU.Deploy.0 = Release|x86
		{DC064CC5-962E-457D-95BF-13B8104BA8DB}.AppStore|ARM.ActiveCfg = Release|ARM
		{DC064CC5-962E-457D-95BF-13B8104BA8DB}.AppStore|ARM.Build.0 = Release|ARM
		{DC064CC5-962E-457D-95BF-13B8104BA8DB}.AppStore|ARM.Deploy.0 = Release|ARM
		{DC064CC5-962E-457D-95BF-13B8104BA8DB}.AppStore|iPhone.ActiveCfg = Release|x86
		{DC064CC5-962E-457D-95BF-13B8104BA8DB}.AppStore|iPhone.Build.0 = Release|x86
		{DC064CC5-962E-457D-95BF-13B8104BA8DB}.AppStore|iPhone.Deploy.0 = Release|x86
		{DC064CC5-962E-457D-95BF-13B8104BA8DB}.AppStore|iPhoneSimulator.ActiveCfg = Release|x86
		{DC064CC5-962E-457D-95BF-13B8104BA8DB}.AppStore|iPhoneSimulator.Build.0 = Release|x86
		{DC064CC5-962E-457D-95BF-13B8104BA8DB}.AppStore|iPhoneSimulator.Deploy.0 = Release|x86
		{DC064CC5-962E-457D-95BF-13B8104BA8DB}.AppStore|x64.ActiveCfg = Release|x64
		{DC064CC5-962E-457D-95BF-13B8104BA8DB}.AppStore|x64.Build.0 = Release|x64
		{DC064CC5-962E-457D-95BF-13B8104BA8DB}.AppStore|x64.Deploy.0 = Release|x64
		{DC064CC5-962E-457D-95BF-13B8104BA8DB}.AppStore|x86.ActiveCfg = Release|x86
		{DC064CC5-962E-457D-95BF-13B8104BA8DB}.AppStore|x86.Build.0 = Release|x86
		{DC064CC5-962E-457D-95BF-13B8104BA8DB}.AppStore|x86.Deploy.0 = Release|x86
		{DC064CC5-962E-457D-95BF-13B8104BA8DB}.Debug|Any CPU.ActiveCfg = Debug|x86
		{DC064CC5-962E-457D-95BF-13B8104BA8DB}.Debug|Any CPU.Build.0 = Debug|x86
		{DC064CC5-962E-457D-95BF-13B8104BA8DB}.Debug|Any CPU.Deploy.0 = Debug|x86
		{DC064CC5-962E-457D-95BF-13B8104BA8DB}.Debug|ARM.ActiveCfg = Debug|ARM
		{DC064CC5-962E-457D-95BF-13B8104BA8DB}.Debug|ARM.Build.0 = Debug|ARM
		{DC064CC5-962E-457D-95BF-13B8104BA8DB}.Debug|ARM.Deploy.0 = Debug|ARM
		{DC064CC5-962E-457D-95BF-13B8104BA8DB}.Debug|iPhone.ActiveCfg = Debug|x86
		{DC064CC5-962E-457D-95BF-13B8104BA8DB}.Debug|iPhoneSimulator.ActiveCfg = Debug|x86
		{DC064CC5-962E-457D-95BF-13B8104BA8DB}.Debug|x64.ActiveCfg = Debug|x64
		{DC064CC5-962E-457D-95BF-13B8104BA8DB}.Debug|x64.Build.0 = Debug|x64
		{DC064CC5-962E-457D-95BF-13B8104BA8DB}.Debug|x64.Deploy.0 = Debug|x64
		{DC064CC5-962E-457D-95BF-13B8104BA8DB}.Debug|x86.ActiveCfg = Debug|x86
		{DC064CC5-962E-457D-95BF-13B8104BA8DB}.Debug|x86.Build.0 = Debug|x86
		{DC064CC5-962E-457D-95BF-13B8104BA8DB}.Debug|x86.Deploy.0 = Debug|x86
		{DC064CC5-962E-457D-95BF-13B8104BA8DB}.Release|Any CPU.ActiveCfg = Release|x86
		{DC064CC5-962E-457D-95BF-13B8104BA8DB}.Release|ARM.ActiveCfg = Release|ARM
		{DC064CC5-962E-457D-95BF-13B8104BA8DB}.Release|ARM.Build.0 = Release|ARM
		{DC064CC5-962E-457D-95BF-13B8104BA8DB}.Release|ARM.Deploy.0 = Release|ARM
		{DC064CC5-962E-457D-95BF-13B8104BA8DB}.Release|iPhone.ActiveCfg = Release|x86
		{DC064CC5-962E-457D-95BF-13B8104BA8DB}.Release|iPhoneSimulator.ActiveCfg = Release|x86
		{DC064CC5-962E-457D-95BF-13B8104BA8DB}.Release|x64.ActiveCfg = Release|x64
		{DC064CC5-962E-457D-95BF-13B8104BA8DB}.Release|x64.Build.0 = Release|x64
		{DC064CC5-962E-457D-95BF-13B8104BA8DB}.Release|x64.Deploy.0 = Release|x64
		{DC064CC5-962E-457D-95BF-13B8104BA8DB}.Release|x86.ActiveCfg = Release|x86
		{DC064CC5-962E-457D-95BF-13B8104BA8DB}.Release|x86.Build.0 = Release|x86
		{DC064CC5-962E-457D-95BF-13B8104BA8DB}.Release|x86.Deploy.0 = Release|x86
		{17BA9F64-3567-412D-84C9-4900A65F4E79}.Ad-Hoc|Any CPU.ActiveCfg = Release|Any CPU
		{17BA9F64-3567-412D-84C9-4900A65F4E79}.Ad-Hoc|Any CPU.Build.0 = Release|Any CPU
		{17BA9F64-3567-412D-84C9-4900A65F4E79}.Ad-Hoc|Any CPU.Deploy.0 = Release|Any CPU
		{17BA9F64-3567-412D-84C9-4900A65F4E79}.Ad-Hoc|ARM.ActiveCfg = Release|ARM
		{17BA9F64-3567-412D-84C9-4900A65F4E79}.Ad-Hoc|ARM.Build.0 = Release|ARM
		{17BA9F64-3567-412D-84C9-4900A65F4E79}.Ad-Hoc|ARM.Deploy.0 = Release|ARM
		{17BA9F64-3567-412D-84C9-4900A65F4E79}.Ad-Hoc|iPhone.ActiveCfg = Release|Any CPU
		{17BA9F64-3567-412D-84C9-4900A65F4E79}.Ad-Hoc|iPhone.Build.0 = Release|Any CPU
		{17BA9F64-3567-412D-84C9-4900A65F4E79}.Ad-Hoc|iPhone.Deploy.0 = Release|Any CPU
		{17BA9F64-3567-412D-84C9-4900A65F4E79}.Ad-Hoc|iPhoneSimulator.ActiveCfg = Release|Any CPU
		{17BA9F64-3567-412D-84C9-4900A65F4E79}.Ad-Hoc|iPhoneSimulator.Build.0 = Release|Any CPU
		{17BA9F64-3567-412D-84C9-4900A65F4E79}.Ad-Hoc|iPhoneSimulator.Deploy.0 = Release|Any CPU
		{17BA9F64-3567-412D-84C9-4900A65F4E79}.Ad-Hoc|x64.ActiveCfg = Release|x64
		{17BA9F64-3567-412D-84C9-4900A65F4E79}.Ad-Hoc|x64.Build.0 = Release|x64
		{17BA9F64-3567-412D-84C9-4900A65F4E79}.Ad-Hoc|x64.Deploy.0 = Release|x64
		{17BA9F64-3567-412D-84C9-4900A65F4E79}.Ad-Hoc|x86.ActiveCfg = Release|x86
		{17BA9F64-3567-412D-84C9-4900A65F4E79}.Ad-Hoc|x86.Build.0 = Release|x86
		{17BA9F64-3567-412D-84C9-4900A65F4E79}.Ad-Hoc|x86.Deploy.0 = Release|x86
		{17BA9F64-3567-412D-84C9-4900A65F4E79}.AppStore|Any CPU.ActiveCfg = Release|Any CPU
		{17BA9F64-3567-412D-84C9-4900A65F4E79}.AppStore|Any CPU.Build.0 = Release|Any CPU
		{17BA9F64-3567-412D-84C9-4900A65F4E79}.AppStore|Any CPU.Deploy.0 = Release|Any CPU
		{17BA9F64-3567-412D-84C9-4900A65F4E79}.AppStore|ARM.ActiveCfg = Release|ARM
		{17BA9F64-3567-412D-84C9-4900A65F4E79}.AppStore|ARM.Build.0 = Release|ARM
		{17BA9F64-3567-412D-84C9-4900A65F4E79}.AppStore|ARM.Deploy.0 = Release|ARM
		{17BA9F64-3567-412D-84C9-4900A65F4E79}.AppStore|iPhone.ActiveCfg = Release|Any CPU
		{17BA9F64-3567-412D-84C9-4900A65F4E79}.AppStore|iPhone.Build.0 = Release|Any CPU
		{17BA9F64-3567-412D-84C9-4900A65F4E79}.AppStore|iPhone.Deploy.0 = Release|Any CPU
		{17BA9F64-3567-412D-84C9-4900A65F4E79}.AppStore|iPhoneSimulator.ActiveCfg = Release|Any CPU
		{17BA9F64-3567-412D-84C9-4900A65F4E79}.AppStore|iPhoneSimulator.Build.0 = Release|Any CPU
		{17BA9F64-3567-412D-84C9-4900A65F4E79}.AppStore|iPhoneSimulator.Deploy.0 = Release|Any CPU
		{17BA9F64-3567-412D-84C9-4900A65F4E79}.AppStore|x64.ActiveCfg = Release|x64
		{17BA9F64-3567-412D-84C9-4900A65F4E79}.AppStore|x64.Build.0 = Release|x64
		{17BA9F64-3567-412D-84C9-4900A65F4E79}.AppStore|x64.Deploy.0 = Release|x64
		{17BA9F64-3567-412D-84C9-4900A65F4E79}.AppStore|x86.ActiveCfg = Release|x86
		{17BA9F64-3567-412D-84C9-4900A65F4E79}.AppStore|x86.Build.0 = Release|x86
		{17BA9F64-3567-412D-84C9-4900A65F4E79}.AppStore|x86.Deploy.0 = Release|x86
		{17BA9F64-3567-412D-84C9-4900A65F4E79}.Debug|Any CPU.ActiveCfg = Debug|Any CPU
		{17BA9F64-3567-412D-84C9-4900A65F4E79}.Debug|Any CPU.Build.0 = Debug|Any CPU
		{17BA9F64-3567-412D-84C9-4900A65F4E79}.Debug|Any CPU.Deploy.0 = Debug|Any CPU
		{17BA9F64-3567-412D-84C9-4900A65F4E79}.Debug|ARM.ActiveCfg = Debug|ARM
		{17BA9F64-3567-412D-84C9-4900A65F4E79}.Debug|ARM.Build.0 = Debug|ARM
		{17BA9F64-3567-412D-84C9-4900A65F4E79}.Debug|ARM.Deploy.0 = Debug|ARM
		{17BA9F64-3567-412D-84C9-4900A65F4E79}.Debug|iPhone.ActiveCfg = Debug|Any CPU
		{17BA9F64-3567-412D-84C9-4900A65F4E79}.Debug|iPhone.Build.0 = Debug|Any CPU
		{17BA9F64-3567-412D-84C9-4900A65F4E79}.Debug|iPhone.Deploy.0 = Debug|Any CPU
		{17BA9F64-3567-412D-84C9-4900A65F4E79}.Debug|iPhoneSimulator.ActiveCfg = Debug|Any CPU
		{17BA9F64-3567-412D-84C9-4900A65F4E79}.Debug|iPhoneSimulator.Build.0 = Debug|Any CPU
		{17BA9F64-3567-412D-84C9-4900A65F4E79}.Debug|iPhoneSimulator.Deploy.0 = Debug|Any CPU
		{17BA9F64-3567-412D-84C9-4900A65F4E79}.Debug|x64.ActiveCfg = Debug|x64
		{17BA9F64-3567-412D-84C9-4900A65F4E79}.Debug|x64.Build.0 = Debug|x64
		{17BA9F64-3567-412D-84C9-4900A65F4E79}.Debug|x64.Deploy.0 = Debug|x64
		{17BA9F64-3567-412D-84C9-4900A65F4E79}.Debug|x86.ActiveCfg = Debug|x86
		{17BA9F64-3567-412D-84C9-4900A65F4E79}.Debug|x86.Build.0 = Debug|x86
		{17BA9F64-3567-412D-84C9-4900A65F4E79}.Debug|x86.Deploy.0 = Debug|x86
		{17BA9F64-3567-412D-84C9-4900A65F4E79}.Release|Any CPU.ActiveCfg = Release|Any CPU
		{17BA9F64-3567-412D-84C9-4900A65F4E79}.Release|Any CPU.Build.0 = Release|Any CPU
		{17BA9F64-3567-412D-84C9-4900A65F4E79}.Release|Any CPU.Deploy.0 = Release|Any CPU
		{17BA9F64-3567-412D-84C9-4900A65F4E79}.Release|ARM.ActiveCfg = Release|ARM
		{17BA9F64-3567-412D-84C9-4900A65F4E79}.Release|ARM.Build.0 = Release|ARM
		{17BA9F64-3567-412D-84C9-4900A65F4E79}.Release|ARM.Deploy.0 = Release|ARM
		{17BA9F64-3567-412D-84C9-4900A65F4E79}.Release|iPhone.ActiveCfg = Release|Any CPU
		{17BA9F64-3567-412D-84C9-4900A65F4E79}.Release|iPhone.Build.0 = Release|Any CPU
		{17BA9F64-3567-412D-84C9-4900A65F4E79}.Release|iPhone.Deploy.0 = Release|Any CPU
		{17BA9F64-3567-412D-84C9-4900A65F4E79}.Release|iPhoneSimulator.ActiveCfg = Release|Any CPU
		{17BA9F64-3567-412D-84C9-4900A65F4E79}.Release|iPhoneSimulator.Build.0 = Release|Any CPU
		{17BA9F64-3567-412D-84C9-4900A65F4E79}.Release|iPhoneSimulator.Deploy.0 = Release|Any CPU
		{17BA9F64-3567-412D-84C9-4900A65F4E79}.Release|x64.ActiveCfg = Release|x64
		{17BA9F64-3567-412D-84C9-4900A65F4E79}.Release|x64.Build.0 = Release|x64
		{17BA9F64-3567-412D-84C9-4900A65F4E79}.Release|x64.Deploy.0 = Release|x64
		{17BA9F64-3567-412D-84C9-4900A65F4E79}.Release|x86.ActiveCfg = Release|x86
		{17BA9F64-3567-412D-84C9-4900A65F4E79}.Release|x86.Build.0 = Release|x86
		{17BA9F64-3567-412D-84C9-4900A65F4E79}.Release|x86.Deploy.0 = Release|x86
		{2013A798-2CA1-410C-973D-C881A21F60BB}.Ad-Hoc|Any CPU.ActiveCfg = Release|Any CPU
		{2013A798-2CA1-410C-973D-C881A21F60BB}.Ad-Hoc|Any CPU.Build.0 = Release|Any CPU
		{2013A798-2CA1-410C-973D-C881A21F60BB}.Ad-Hoc|ARM.ActiveCfg = Release|Any CPU
		{2013A798-2CA1-410C-973D-C881A21F60BB}.Ad-Hoc|ARM.Build.0 = Release|Any CPU
		{2013A798-2CA1-410C-973D-C881A21F60BB}.Ad-Hoc|iPhone.ActiveCfg = Release|Any CPU
		{2013A798-2CA1-410C-973D-C881A21F60BB}.Ad-Hoc|iPhone.Build.0 = Release|Any CPU
		{2013A798-2CA1-410C-973D-C881A21F60BB}.Ad-Hoc|iPhoneSimulator.ActiveCfg = Release|Any CPU
		{2013A798-2CA1-410C-973D-C881A21F60BB}.Ad-Hoc|iPhoneSimulator.Build.0 = Release|Any CPU
		{2013A798-2CA1-410C-973D-C881A21F60BB}.Ad-Hoc|x64.ActiveCfg = Release|Any CPU
		{2013A798-2CA1-410C-973D-C881A21F60BB}.Ad-Hoc|x64.Build.0 = Release|Any CPU
		{2013A798-2CA1-410C-973D-C881A21F60BB}.Ad-Hoc|x86.ActiveCfg = Release|Any CPU
		{2013A798-2CA1-410C-973D-C881A21F60BB}.Ad-Hoc|x86.Build.0 = Release|Any CPU
		{2013A798-2CA1-410C-973D-C881A21F60BB}.AppStore|Any CPU.ActiveCfg = Release|Any CPU
		{2013A798-2CA1-410C-973D-C881A21F60BB}.AppStore|Any CPU.Build.0 = Release|Any CPU
		{2013A798-2CA1-410C-973D-C881A21F60BB}.AppStore|ARM.ActiveCfg = Release|Any CPU
		{2013A798-2CA1-410C-973D-C881A21F60BB}.AppStore|ARM.Build.0 = Release|Any CPU
		{2013A798-2CA1-410C-973D-C881A21F60BB}.AppStore|iPhone.ActiveCfg = Release|Any CPU
		{2013A798-2CA1-410C-973D-C881A21F60BB}.AppStore|iPhone.Build.0 = Release|Any CPU
		{2013A798-2CA1-410C-973D-C881A21F60BB}.AppStore|iPhoneSimulator.ActiveCfg = Release|Any CPU
		{2013A798-2CA1-410C-973D-C881A21F60BB}.AppStore|iPhoneSimulator.Build.0 = Release|Any CPU
		{2013A798-2CA1-410C-973D-C881A21F60BB}.AppStore|x64.ActiveCfg = Release|Any CPU
		{2013A798-2CA1-410C-973D-C881A21F60BB}.AppStore|x64.Build.0 = Release|Any CPU
		{2013A798-2CA1-410C-973D-C881A21F60BB}.AppStore|x86.ActiveCfg = Release|Any CPU
		{2013A798-2CA1-410C-973D-C881A21F60BB}.AppStore|x86.Build.0 = Release|Any CPU
		{2013A798-2CA1-410C-973D-C881A21F60BB}.Debug|Any CPU.ActiveCfg = Debug|Any CPU
		{2013A798-2CA1-410C-973D-C881A21F60BB}.Debug|Any CPU.Build.0 = Debug|Any CPU
		{2013A798-2CA1-410C-973D-C881A21F60BB}.Debug|ARM.ActiveCfg = Debug|Any CPU
		{2013A798-2CA1-410C-973D-C881A21F60BB}.Debug|ARM.Build.0 = Debug|Any CPU
		{2013A798-2CA1-410C-973D-C881A21F60BB}.Debug|iPhone.ActiveCfg = Debug|Any CPU
		{2013A798-2CA1-410C-973D-C881A21F60BB}.Debug|iPhone.Build.0 = Debug|Any CPU
		{2013A798-2CA1-410C-973D-C881A21F60BB}.Debug|iPhoneSimulator.ActiveCfg = Debug|Any CPU
		{2013A798-2CA1-410C-973D-C881A21F60BB}.Debug|iPhoneSimulator.Build.0 = Debug|Any CPU
		{2013A798-2CA1-410C-973D-C881A21F60BB}.Debug|x64.ActiveCfg = Debug|Any CPU
		{2013A798-2CA1-410C-973D-C881A21F60BB}.Debug|x64.Build.0 = Debug|Any CPU
		{2013A798-2CA1-410C-973D-C881A21F60BB}.Debug|x86.ActiveCfg = Debug|Any CPU
		{2013A798-2CA1-410C-973D-C881A21F60BB}.Debug|x86.Build.0 = Debug|Any CPU
		{2013A798-2CA1-410C-973D-C881A21F60BB}.Release|Any CPU.ActiveCfg = Release|Any CPU
		{2013A798-2CA1-410C-973D-C881A21F60BB}.Release|Any CPU.Build.0 = Release|Any CPU
		{2013A798-2CA1-410C-973D-C881A21F60BB}.Release|ARM.ActiveCfg = Release|Any CPU
		{2013A798-2CA1-410C-973D-C881A21F60BB}.Release|ARM.Build.0 = Release|Any CPU
		{2013A798-2CA1-410C-973D-C881A21F60BB}.Release|iPhone.ActiveCfg = Release|Any CPU
		{2013A798-2CA1-410C-973D-C881A21F60BB}.Release|iPhone.Build.0 = Release|Any CPU
		{2013A798-2CA1-410C-973D-C881A21F60BB}.Release|iPhoneSimulator.ActiveCfg = Release|Any CPU
		{2013A798-2CA1-410C-973D-C881A21F60BB}.Release|iPhoneSimulator.Build.0 = Release|Any CPU
		{2013A798-2CA1-410C-973D-C881A21F60BB}.Release|x64.ActiveCfg = Release|Any CPU
		{2013A798-2CA1-410C-973D-C881A21F60BB}.Release|x64.Build.0 = Release|Any CPU
		{2013A798-2CA1-410C-973D-C881A21F60BB}.Release|x86.ActiveCfg = Release|Any CPU
		{2013A798-2CA1-410C-973D-C881A21F60BB}.Release|x86.Build.0 = Release|Any CPU
	EndGlobalSection
	GlobalSection(SolutionProperties) = preSolution
		HideSolutionNode = FALSE
	EndGlobalSection
EndGlobal
